
Microsoft Visual Studio Solution File, Format Version 12.00
# Visual Studio 15
VisualStudioVersion = 15.0.27130.2027
MinimumVisualStudioVersion = 10.0.40219.1
Project("{FAE04EC0-301F-11D3-BF4B-00C04F79EFBC}") = "SPFileZilla2013", "SPFileZilla\SPFileZilla2013.csproj", "{1BA5664F-462E-4647-B661-3319DE3EA419}"
EndProject
Project("{FAE04EC0-301F-11D3-BF4B-00C04F79EFBC}") = "SpMigrator.Core", "SpMigrator.Core\SpMigrator.Core.csproj", "{C8F711EC-5E32-4566-957C-D98CBB2915D1}"
EndProject
Project("{FAE04EC0-301F-11D3-BF4B-00C04F79EFBC}") = "SpToolBox", "SpToolBox\SpToolBox.csproj", "{8229ABD2-B554-4CC6-8409-25142ECD96F9}"
EndProject
Global
	GlobalSection(SolutionConfigurationPlatforms) = preSolution
		Debug|Any CPU = Debug|Any CPU
		Debug|Mixed Platforms = Debug|Mixed Platforms
		Debug|x86 = Debug|x86
		Release|Any CPU = Release|Any CPU
		Release|Mixed Platforms = Release|Mixed Platforms
		Release|x86 = Release|x86
	EndGlobalSection
	GlobalSection(ProjectConfigurationPlatforms) = postSolution
		{1BA5664F-462E-4647-B661-3319DE3EA419}.Debug|Any CPU.ActiveCfg = Debug|x86
		{1BA5664F-462E-4647-B661-3319DE3EA419}.Debug|Mixed Platforms.ActiveCfg = Debug|x86
		{1BA5664F-462E-4647-B661-3319DE3EA419}.Debug|Mixed Platforms.Build.0 = Debug|x86
		{1BA5664F-462E-4647-B661-3319DE3EA419}.Debug|x86.ActiveCfg = Debug|x86
		{1BA5664F-462E-4647-B661-3319DE3EA419}.Debug|x86.Build.0 = Debug|x86
		{1BA5664F-462E-4647-B661-3319DE3EA419}.Release|Any CPU.ActiveCfg = Release|x86
		{1BA5664F-462E-4647-B661-3319DE3EA419}.Release|Mixed Platforms.ActiveCfg = Release|x86
		{1BA5664F-462E-4647-B661-3319DE3EA419}.Release|Mixed Platforms.Build.0 = Release|x86
		{1BA5664F-462E-4647-B661-3319DE3EA419}.Release|x86.ActiveCfg = Release|x86
		{1BA5664F-462E-4647-B661-3319DE3EA419}.Release|x86.Build.0 = Release|x86
		{C8F711EC-5E32-4566-957C-D98CBB2915D1}.Debug|Any CPU.ActiveCfg = Debug|Any CPU
		{C8F711EC-5E32-4566-957C-D98CBB2915D1}.Debug|Any CPU.Build.0 = Debug|Any CPU
		{C8F711EC-5E32-4566-957C-D98CBB2915D1}.Debug|Mixed Platforms.ActiveCfg = Debug|Any CPU
		{C8F711EC-5E32-4566-957C-D98CBB2915D1}.Debug|Mixed Platforms.Build.0 = Debug|Any CPU
		{C8F711EC-5E32-4566-957C-D98CBB2915D1}.Debug|x86.ActiveCfg = Debug|Any CPU
		{C8F711EC-5E32-4566-957C-D98CBB2915D1}.Debug|x86.Build.0 = Debug|Any CPU
		{C8F711EC-5E32-4566-957C-D98CBB2915D1}.Release|Any CPU.ActiveCfg = Release|Any CPU
		{C8F711EC-5E32-4566-957C-D98CBB2915D1}.Release|Any CPU.Build.0 = Release|Any CPU
		{C8F711EC-5E32-4566-957C-D98CBB2915D1}.Release|Mixed Platforms.ActiveCfg = Release|Any CPU
		{C8F711EC-5E32-4566-957C-D98CBB2915D1}.Release|Mixed Platforms.Build.0 = Release|Any CPU
		{C8F711EC-5E32-4566-957C-D98CBB2915D1}.Release|x86.ActiveCfg = Release|Any CPU
		{C8F711EC-5E32-4566-957C-D98CBB2915D1}.Release|x86.Build.0 = Release|Any CPU
		{8229ABD2-B554-4CC6-8409-25142ECD96F9}.Debug|Any CPU.ActiveCfg = Debug|Any CPU
		{8229ABD2-B554-4CC6-8409-25142ECD96F9}.Debug|Any CPU.Build.0 = Debug|Any CPU
		{8229ABD2-B554-4CC6-8409-25142ECD96F9}.Debug|Mixed Platforms.ActiveCfg = Debug|Any CPU
		{8229ABD2-B554-4CC6-8409-25142ECD96F9}.Debug|Mixed Platforms.Build.0 = Debug|Any CPU
		{8229ABD2-B554-4CC6-8409-25142ECD96F9}.Debug|x86.ActiveCfg = Debug|Any CPU
		{8229ABD2-B554-4CC6-8409-25142ECD96F9}.Debug|x86.Build.0 = Debug|Any CPU
		{8229ABD2-B554-4CC6-8409-25142ECD96F9}.Release|Any CPU.ActiveCfg = Release|Any CPU
		{8229ABD2-B554-4CC6-8409-25142ECD96F9}.Release|Any CPU.Build.0 = Release|Any CPU
		{8229ABD2-B554-4CC6-8409-25142ECD96F9}.Release|Mixed Platforms.ActiveCfg = Release|Any CPU
		{8229ABD2-B554-4CC6-8409-25142ECD96F9}.Release|Mixed Platforms.Build.0 = Release|Any CPU
		{8229ABD2-B554-4CC6-8409-25142ECD96F9}.Release|x86.ActiveCfg = Release|Any CPU
		{8229ABD2-B554-4CC6-8409-25142ECD96F9}.Release|x86.Build.0 = Release|Any CPU
	EndGlobalSection
	GlobalSection(SolutionProperties) = preSolution
		HideSolutionNode = FALSE
	EndGlobalSection
	GlobalSection(ExtensibilityGlobals) = postSolution
		SolutionGuid = {BFFD5F01-C30E-4030-A139-FD30507E5505}
	EndGlobalSection
EndGlobal
